
Microsoft Visual Studio Solution File, Format Version 12.00
# Visual Studio 15
VisualStudioVersion = 15.0.28307.757
MinimumVisualStudioVersion = 10.0.40219.1
Project("{8BC9CEB8-8B4A-11D0-8D11-00A0C91BC942}") = "静态链表", "静态链表\静态链表.vcxproj", "{F25D64D9-9FA6-4A3E-9363-62F962393A36}"
EndProject
Global
	GlobalSection(SolutionConfigurationPlatforms) = preSolution
		Debug|x64 = Debug|x64
		Debug|x86 = Debug|x86
		Release|x64 = Release|x64
		Release|x86 = Release|x86
	EndGlobalSection
	GlobalSection(ProjectConfigurationPlatforms) = postSolution
		{F25D64D9-9FA6-4A3E-9363-62F962393A36}.Debug|x64.ActiveCfg = Debug|x64
		{F25D64D9-9FA6-4A3E-9363-62F962393A36}.Debug|x64.Build.0 = Debug|x64
		{F25D64D9-9FA6-4A3E-9363-62F962393A36}.Debug|x86.ActiveCfg = Debug|Win32
		{F25D64D9-9FA6-4A3E-9363-62F962393A36}.Debug|x86.Build.0 = Debug|Win32
		{F25D64D9-9FA6-4A3E-9363-62F962393A36}.Release|x64.ActiveCfg = Release|x64
		{F25D64D9-9FA6-4A3E-9363-62F962393A36}.Release|x64.Build.0 = Release|x64
		{F25D64D9-9FA6-4A3E-9363-62F962393A36}.Release|x86.ActiveCfg = Release|Win32
		{F25D64D9-9FA6-4A3E-9363-62F962393A36}.Release|x86.Build.0 = Release|Win32
	EndGlobalSection
	GlobalSection(SolutionProperties) = preSolution
		HideSolutionNode = FALSE
	EndGlobalSection
	GlobalSection(ExtensibilityGlobals) = postSolution
		SolutionGuid = {1AE9B735-36D3-499C-A8EB-A3EB02350AA7}
	EndGlobalSection
EndGlobal
