
Microsoft Visual Studio Solution File, Format Version 12.00
# Visual Studio 15
VisualStudioVersion = 15.0.28307.757
MinimumVisualStudioVersion = 10.0.40219.1
Project("{8BC9CEB8-8B4A-11D0-8D11-00A0C91BC942}") = "栈的应用_就近匹配", "栈的应用_就近匹配\栈的应用_就近匹配.vcxproj", "{11F798C1-8A99-4C4F-AD36-ABF5826155D7}"
EndProject
Global
	GlobalSection(SolutionConfigurationPlatforms) = preSolution
		Debug|x64 = Debug|x64
		Debug|x86 = Debug|x86
		Release|x64 = Release|x64
		Release|x86 = Release|x86
	EndGlobalSection
	GlobalSection(ProjectConfigurationPlatforms) = postSolution
		{11F798C1-8A99-4C4F-AD36-ABF5826155D7}.Debug|x64.ActiveCfg = Debug|x64
		{11F798C1-8A99-4C4F-AD36-ABF5826155D7}.Debug|x64.Build.0 = Debug|x64
		{11F798C1-8A99-4C4F-AD36-ABF5826155D7}.Debug|x86.ActiveCfg = Debug|Win32
		{11F798C1-8A99-4C4F-AD36-ABF5826155D7}.Debug|x86.Build.0 = Debug|Win32
		{11F798C1-8A99-4C4F-AD36-ABF5826155D7}.Release|x64.ActiveCfg = Release|x64
		{11F798C1-8A99-4C4F-AD36-ABF5826155D7}.Release|x64.Build.0 = Release|x64
		{11F798C1-8A99-4C4F-AD36-ABF5826155D7}.Release|x86.ActiveCfg = Release|Win32
		{11F798C1-8A99-4C4F-AD36-ABF5826155D7}.Release|x86.Build.0 = Release|Win32
	EndGlobalSection
	GlobalSection(SolutionProperties) = preSolution
		HideSolutionNode = FALSE
	EndGlobalSection
	GlobalSection(ExtensibilityGlobals) = postSolution
		SolutionGuid = {6F62EABF-27F5-4CC4-AAB8-812F9A986347}
	EndGlobalSection
EndGlobal
