
Microsoft Visual Studio Solution File, Format Version 12.00
# Visual Studio 15
VisualStudioVersion = 15.0.28307.757
MinimumVisualStudioVersion = 10.0.40219.1
Project("{8BC9CEB8-8B4A-11D0-8D11-00A0C91BC942}") = "二叉树的创建", "二叉树的创建\二叉树的创建.vcxproj", "{1EAD2511-E896-40A2-A2DD-12702CCEAE85}"
EndProject
Global
	GlobalSection(SolutionConfigurationPlatforms) = preSolution
		Debug|x64 = Debug|x64
		Debug|x86 = Debug|x86
		Release|x64 = Release|x64
		Release|x86 = Release|x86
	EndGlobalSection
	GlobalSection(ProjectConfigurationPlatforms) = postSolution
		{1EAD2511-E896-40A2-A2DD-12702CCEAE85}.Debug|x64.ActiveCfg = Debug|x64
		{1EAD2511-E896-40A2-A2DD-12702CCEAE85}.Debug|x64.Build.0 = Debug|x64
		{1EAD2511-E896-40A2-A2DD-12702CCEAE85}.Debug|x86.ActiveCfg = Debug|Win32
		{1EAD2511-E896-40A2-A2DD-12702CCEAE85}.Debug|x86.Build.0 = Debug|Win32
		{1EAD2511-E896-40A2-A2DD-12702CCEAE85}.Release|x64.ActiveCfg = Release|x64
		{1EAD2511-E896-40A2-A2DD-12702CCEAE85}.Release|x64.Build.0 = Release|x64
		{1EAD2511-E896-40A2-A2DD-12702CCEAE85}.Release|x86.ActiveCfg = Release|Win32
		{1EAD2511-E896-40A2-A2DD-12702CCEAE85}.Release|x86.Build.0 = Release|Win32
	EndGlobalSection
	GlobalSection(SolutionProperties) = preSolution
		HideSolutionNode = FALSE
	EndGlobalSection
	GlobalSection(ExtensibilityGlobals) = postSolution
		SolutionGuid = {6419723B-473F-4E91-997A-CD2B6E3D59C4}
	EndGlobalSection
EndGlobal
