
Microsoft Visual Studio Solution File, Format Version 12.00
# Visual Studio 15
VisualStudioVersion = 15.0.28307.757
MinimumVisualStudioVersion = 10.0.40219.1
Project("{8BC9CEB8-8B4A-11D0-8D11-00A0C91BC942}") = "OP_内存分配及释放", "OP_内存分配及释放\OP_内存分配及释放.vcxproj", "{F245107D-AD5B-49DD-AE9F-A2A1D8CFB095}"
EndProject
Global
	GlobalSection(SolutionConfigurationPlatforms) = preSolution
		Debug|x64 = Debug|x64
		Debug|x86 = Debug|x86
		Release|x64 = Release|x64
		Release|x86 = Release|x86
	EndGlobalSection
	GlobalSection(ProjectConfigurationPlatforms) = postSolution
		{F245107D-AD5B-49DD-AE9F-A2A1D8CFB095}.Debug|x64.ActiveCfg = Debug|x64
		{F245107D-AD5B-49DD-AE9F-A2A1D8CFB095}.Debug|x64.Build.0 = Debug|x64
		{F245107D-AD5B-49DD-AE9F-A2A1D8CFB095}.Debug|x86.ActiveCfg = Debug|Win32
		{F245107D-AD5B-49DD-AE9F-A2A1D8CFB095}.Debug|x86.Build.0 = Debug|Win32
		{F245107D-AD5B-49DD-AE9F-A2A1D8CFB095}.Release|x64.ActiveCfg = Release|x64
		{F245107D-AD5B-49DD-AE9F-A2A1D8CFB095}.Release|x64.Build.0 = Release|x64
		{F245107D-AD5B-49DD-AE9F-A2A1D8CFB095}.Release|x86.ActiveCfg = Release|Win32
		{F245107D-AD5B-49DD-AE9F-A2A1D8CFB095}.Release|x86.Build.0 = Release|Win32
	EndGlobalSection
	GlobalSection(SolutionProperties) = preSolution
		HideSolutionNode = FALSE
	EndGlobalSection
	GlobalSection(ExtensibilityGlobals) = postSolution
		SolutionGuid = {89774572-7CB9-4E60-AA08-E4D64C9384D8}
	EndGlobalSection
EndGlobal
